
Microsoft Visual Studio Solution File, Format Version 12.00
# Visual Studio Version 16
VisualStudioVersion = 16.0.31624.102
MinimumVisualStudioVersion = 10.0.40219.1
Project("{8BC9CEB8-8B4A-11D0-8D11-00A0C91BC942}") = "z-hard compare", "z-hard compare\z-hard compare.vcxproj", "{893FD9B3-0AA7-4491-9E73-5285E0D3CD32}"
EndProject
Global
	GlobalSection(SolutionConfigurationPlatforms) = preSolution
		Debug|x64 = Debug|x64
		Debug|x86 = Debug|x86
		Release|x64 = Release|x64
		Release|x86 = Release|x86
	EndGlobalSection
	GlobalSection(ProjectConfigurationPlatforms) = postSolution
		{893FD9B3-0AA7-4491-9E73-5285E0D3CD32}.Debug|x64.ActiveCfg = Debug|x64
		{893FD9B3-0AA7-4491-9E73-5285E0D3CD32}.Debug|x64.Build.0 = Debug|x64
		{893FD9B3-0AA7-4491-9E73-5285E0D3CD32}.Debug|x86.ActiveCfg = Debug|Win32
		{893FD9B3-0AA7-4491-9E73-5285E0D3CD32}.Debug|x86.Build.0 = Debug|Win32
		{893FD9B3-0AA7-4491-9E73-5285E0D3CD32}.Release|x64.ActiveCfg = Release|x64
		{893FD9B3-0AA7-4491-9E73-5285E0D3CD32}.Release|x64.Build.0 = Release|x64
		{893FD9B3-0AA7-4491-9E73-5285E0D3CD32}.Release|x86.ActiveCfg = Release|Win32
		{893FD9B3-0AA7-4491-9E73-5285E0D3CD32}.Release|x86.Build.0 = Release|Win32
	EndGlobalSection
	GlobalSection(SolutionProperties) = preSolution
		HideSolutionNode = FALSE
	EndGlobalSection
	GlobalSection(ExtensibilityGlobals) = postSolution
		SolutionGuid = {31C1E740-5F0B-4DF9-BC8D-48A110574F38}
	EndGlobalSection
EndGlobal
